
Microsoft Visual Studio Solution File, Format Version 11.00
# Visual Studio 2010
Project("{FAE04EC0-301F-11D3-BF4B-00C04F79EFBC}") = "SilverlightQLThuebao", "SilverlightQLThuebao\SilverlightQLThuebao.csproj", "{B531381B-10E0-4E98-8589-C4DC3716941A}"
	ProjectSection(ProjectDependencies) = postProject
		{94EE42F3-D7D7-4413-9245-47D0661B7B90} = {94EE42F3-D7D7-4413-9245-47D0661B7B90}
	EndProjectSection
EndProject
Project("{FAE04EC0-301F-11D3-BF4B-00C04F79EFBC}") = "SilverlightQLThuebao.Web", "SilverlightQLThuebao.Web\SilverlightQLThuebao.Web.csproj", "{94EE42F3-D7D7-4413-9245-47D0661B7B90}"
EndProject
Project("{FAE04EC0-301F-11D3-BF4B-00C04F79EFBC}") = "DevExpress.Xpf.Grid.Extensions.SL", "DevExpress.Xpf.Grid.Extensions.SL\DevExpress.Xpf.Grid.Extensions.SL.csproj", "{42C128EC-2AB5-418D-A9AE-BF6534E03955}"
EndProject
Global
	GlobalSection(SolutionConfigurationPlatforms) = preSolution
		Debug|Any CPU = Debug|Any CPU
		Release|Any CPU = Release|Any CPU
	EndGlobalSection
	GlobalSection(ProjectConfigurationPlatforms) = postSolution
		{B531381B-10E0-4E98-8589-C4DC3716941A}.Debug|Any CPU.ActiveCfg = Debug|Any CPU
		{B531381B-10E0-4E98-8589-C4DC3716941A}.Debug|Any CPU.Build.0 = Debug|Any CPU
		{B531381B-10E0-4E98-8589-C4DC3716941A}.Release|Any CPU.ActiveCfg = Release|Any CPU
		{B531381B-10E0-4E98-8589-C4DC3716941A}.Release|Any CPU.Build.0 = Release|Any CPU
		{94EE42F3-D7D7-4413-9245-47D0661B7B90}.Debug|Any CPU.ActiveCfg = Debug|Any CPU
		{94EE42F3-D7D7-4413-9245-47D0661B7B90}.Debug|Any CPU.Build.0 = Debug|Any CPU
		{94EE42F3-D7D7-4413-9245-47D0661B7B90}.Release|Any CPU.ActiveCfg = Release|Any CPU
		{94EE42F3-D7D7-4413-9245-47D0661B7B90}.Release|Any CPU.Build.0 = Release|Any CPU
		{42C128EC-2AB5-418D-A9AE-BF6534E03955}.Debug|Any CPU.ActiveCfg = Debug|Any CPU
		{42C128EC-2AB5-418D-A9AE-BF6534E03955}.Debug|Any CPU.Build.0 = Debug|Any CPU
		{42C128EC-2AB5-418D-A9AE-BF6534E03955}.Release|Any CPU.ActiveCfg = Release|Any CPU
		{42C128EC-2AB5-418D-A9AE-BF6534E03955}.Release|Any CPU.Build.0 = Release|Any CPU
	EndGlobalSection
	GlobalSection(SolutionProperties) = preSolution
		HideSolutionNode = FALSE
	EndGlobalSection
EndGlobal
